{
  "name": "alu",
  "version": "1.0.0",
  "lockfileVersion": 1,
  "requires": true,
  "dependencies": {
    "csv-parse": {
      "version": "4.8.5",
      "resolved": "https://registry.npmjs.org/csv-parse/-/csv-parse-4.8.5.tgz",
      "integrity": "sha512-rpsLmlLWJZifmLzZEVGbZ9phWnJyi+cCbCGYr4vX2NaHFtgbmQPFk+WmMkmMkQXgsIUn6CgnK9cTuUAfFjoXbA=="
    },
    "lodash": {
      "version": "4.17.15",
      "resolved": "https://registry.npmjs.org/lodash/-/lodash-4.17.15.tgz",
      "integrity": "sha512-8xOcRHvCjnocdS5cpwXQXVzmmh5e5+saE2QGoeQmbKmRS6J3VQppPOIt0MnmE+4xlZoumy0GPG0D0MVIQbNA1A=="
    }
  }
}
